// !$*UTF8*$!
{
	archiveVersion = 1;
	classes = {
	};
	objectVersion = 55;
	objects = {

/* Begin PBXBuildFile section */
		358137FE270FDC6900BDF38C /* athlogApp.swift in Sources */ = {isa = PBXBuildFile; fileRef = 358137FD270FDC6900BDF38C /* athlogApp.swift */; };
		35813800270FDC6A00BDF38C /* ContentView.swift in Sources */ = {isa = PBXBuildFile; fileRef = 358137FF270FDC6A00BDF38C /* ContentView.swift */; };
		35813802270FDC7900BDF38C /* Assets.xcassets in Resources */ = {isa = PBXBuildFile; fileRef = 35813801270FDC7900BDF38C /* Assets.xcassets */; };
		35813805270FDC7900BDF38C /* Preview Assets.xcassets in Resources */ = {isa = PBXBuildFile; fileRef = 35813804270FDC7900BDF38C /* Preview Assets.xcassets */; };
		3581380C270FE3C300BDF38C /* workoutView.swift in Sources */ = {isa = PBXBuildFile; fileRef = 3581380B270FE3C300BDF38C /* workoutView.swift */; };
		3581380E270FE3E200BDF38C /* exerciseLibraryView.swift in Sources */ = {isa = PBXBuildFile; fileRef = 3581380D270FE3E200BDF38C /* exerciseLibraryView.swift */; };
		35813812270FE42400BDF38C /* progressView.swift in Sources */ = {isa = PBXBuildFile; fileRef = 35813811270FE42300BDF38C /* progressView.swift */; };
		35813815270FECB300BDF38C /* Workout.swift in Sources */ = {isa = PBXBuildFile; fileRef = 35813814270FECB300BDF38C /* Workout.swift */; };
		358138172710231C00BDF38C /* WorkoutSession.swift in Sources */ = {isa = PBXBuildFile; fileRef = 358138162710231B00BDF38C /* WorkoutSession.swift */; };
		358CDED9271099FF00B8E4F4 /* SuggestExercises.swift in Sources */ = {isa = PBXBuildFile; fileRef = 358CDED8271099FF00B8E4F4 /* SuggestExercises.swift */; };
/* End PBXBuildFile section */

/* Begin PBXFileReference section */
		358137FA270FDC6900BDF38C /* athlog.app */ = {isa = PBXFileReference; explicitFileType = wrapper.application; includeInIndex = 0; path = athlog.app; sourceTree = BUILT_PRODUCTS_DIR; };
		358137FD270FDC6900BDF38C /* athlogApp.swift */ = {isa = PBXFileReference; lastKnownFileType = sourcecode.swift; path = athlogApp.swift; sourceTree = "<group>"; };
		358137FF270FDC6A00BDF38C /* ContentView.swift */ = {isa = PBXFileReference; lastKnownFileType = sourcecode.swift; path = ContentView.swift; sourceTree = "<group>"; };
		35813801270FDC7900BDF38C /* Assets.xcassets */ = {isa = PBXFileReference; lastKnownFileType = folder.assetcatalog; path = Assets.xcassets; sourceTree = "<group>"; };
		35813804270FDC7900BDF38C /* Preview Assets.xcassets */ = {isa = PBXFileReference; lastKnownFileType = folder.assetcatalog; path = "Preview Assets.xcassets"; sourceTree = "<group>"; };
		3581380B270FE3C300BDF38C /* workoutView.swift */ = {isa = PBXFileReference; lastKnownFileType = sourcecode.swift; path = workoutView.swift; sourceTree = "<group>"; };
		3581380D270FE3E200BDF38C /* exerciseLibraryView.swift */ = {isa = PBXFileReference; lastKnownFileType = sourcecode.swift; path = exerciseLibraryView.swift; sourceTree = "<group>"; };
		35813811270FE42300BDF38C /* progressView.swift */ = {isa = PBXFileReference; lastKnownFileType = sourcecode.swift; path = progressView.swift; sourceTree = "<group>"; };
		35813814270FECB300BDF38C /* Workout.swift */ = {isa = PBXFileReference; lastKnownFileType = sourcecode.swift; path = Workout.swift; sourceTree = "<group>"; };
		358138162710231B00BDF38C /* WorkoutSession.swift */ = {isa = PBXFileReference; lastKnownFileType = sourcecode.swift; path = WorkoutSession.swift; sourceTree = "<group>"; };
		358CDED8271099FF00B8E4F4 /* SuggestExercises.swift */ = {isa = PBXFileReference; lastKnownFileType = sourcecode.swift; path = SuggestExercises.swift; sourceTree = "<group>"; };
/* End PBXFileReference section */

/* Begin PBXFrameworksBuildPhase section */
		358137F7270FDC6900BDF38C /* Frameworks */ = {
			isa = PBXFrameworksBuildPhase;
			buildActionMask = 2147483647;
			files = (
			);
			runOnlyForDeploymentPostprocessing = 0;
		};
/* End PBXFrameworksBuildPhase section */

/* Begin PBXGroup section */
		358137F1270FDC6900BDF38C = {
			isa = PBXGroup;
			children = (
				358137FC270FDC6900BDF38C /* athlog */,
				358137FB270FDC6900BDF38C /* Products */,
			);
			sourceTree = "<group>";
		};
		358137FB270FDC6900BDF38C /* Products */ = {
			isa = PBXGroup;
			children = (
				358137FA270FDC6900BDF38C /* athlog.app */,
			);
			name = Products;
			sourceTree = "<group>";
		};
		358137FC270FDC6900BDF38C /* athlog */ = {
			isa = PBXGroup;
			children = (
				358CDED62710767800B8E4F4 /* Models */,
				358CDED72710769A00B8E4F4 /* ViewModels */,
				358137FD270FDC6900BDF38C /* athlogApp.swift */,
				35813813270FE44F00BDF38C /* Views */,
				35813801270FDC7900BDF38C /* Assets.xcassets */,
				35813803270FDC7900BDF38C /* Preview Content */,
			);
			path = athlog;
			sourceTree = "<group>";
		};
		35813803270FDC7900BDF38C /* Preview Content */ = {
			isa = PBXGroup;
			children = (
				35813804270FDC7900BDF38C /* Preview Assets.xcassets */,
			);
			path = "Preview Content";
			sourceTree = "<group>";
		};
		35813813270FE44F00BDF38C /* Views */ = {
			isa = PBXGroup;
			children = (
				358137FF270FDC6A00BDF38C /* ContentView.swift */,
				3581380B270FE3C300BDF38C /* workoutView.swift */,
				3581380D270FE3E200BDF38C /* exerciseLibraryView.swift */,
				35813811270FE42300BDF38C /* progressView.swift */,
				358CDED8271099FF00B8E4F4 /* SuggestExercises.swift */,
			);
			path = Views;
			sourceTree = "<group>";
		};
		358CDED62710767800B8E4F4 /* Models */ = {
			isa = PBXGroup;
			children = (
				35813814270FECB300BDF38C /* Workout.swift */,
			);
			path = Models;
			sourceTree = "<group>";
		};
		358CDED72710769A00B8E4F4 /* ViewModels */ = {
			isa = PBXGroup;
			children = (
				358138162710231B00BDF38C /* WorkoutSession.swift */,
			);
			path = ViewModels;
			sourceTree = "<group>";
		};
/* End PBXGroup section */

/* Begin PBXNativeTarget section */
		358137F9270FDC6900BDF38C /* athlog */ = {
			isa = PBXNativeTarget;
			buildConfigurationList = 35813808270FDC7900BDF38C /* Build configuration list for PBXNativeTarget "athlog" */;
			buildPhases = (
				358137F6270FDC6900BDF38C /* Sources */,
				358137F7270FDC6900BDF38C /* Frameworks */,
				358137F8270FDC6900BDF38C /* Resources */,
			);
			buildRules = (
			);
			dependencies = (
			);
			name = athlog;
			productName = athlog;
			productReference = 358137FA270FDC6900BDF38C /* athlog.app */;
			productType = "com.apple.product-type.application";
		};
/* End PBXNativeTarget section */

/* Begin PBXProject section */
		358137F2270FDC6900BDF38C /* Project object */ = {
			isa = PBXProject;
			attributes = {
				BuildIndependentTargetsInParallel = 1;
				LastSwiftUpdateCheck = 1300;
				LastUpgradeCheck = 1300;
				TargetAttributes = {
					358137F9270FDC6900BDF38C = {
						CreatedOnToolsVersion = 13.0;
					};
				};
			};
			buildConfigurationList = 358137F5270FDC6900BDF38C /* Build configuration list for PBXProject "athlog" */;
			compatibilityVersion = "Xcode 13.0";
			developmentRegion = en;
			hasScannedForEncodings = 0;
			knownRegions = (
				en,
				Base,
			);
			mainGroup = 358137F1270FDC6900BDF38C;
			productRefGroup = 358137FB270FDC6900BDF38C /* Products */;
			projectDirPath = "";
			projectRoot = "";
			targets = (
				358137F9270FDC6900BDF38C /* athlog */,
			);
		};
/* End PBXProject section */

/* Begin PBXResourcesBuildPhase section */
		358137F8270FDC6900BDF38C /* Resources */ = {
			isa = PBXResourcesBuildPhase;
			buildActionMask = 2147483647;
			files = (
				35813805270FDC7900BDF38C /* Preview Assets.xcassets in Resources */,
				35813802270FDC7900BDF38C /* Assets.xcassets in Resources */,
			);
			runOnlyForDeploymentPostprocessing = 0;
		};
/* End PBXResourcesBuildPhase section */

/* Begin PBXSourcesBuildPhase section */
		358137F6270FDC6900BDF38C /* Sources */ = {
			isa = PBXSourcesBuildPhase;
			buildActionMask = 2147483647;
			files = (
				35813800270FDC6A00BDF38C /* ContentView.swift in Sources */,
				35813815270FECB300BDF38C /* Workout.swift in Sources */,
				3581380E270FE3E200BDF38C /* exerciseLibraryView.swift in Sources */,
				358138172710231C00BDF38C /* WorkoutSession.swift in Sources */,
				358137FE270FDC6900BDF38C /* athlogApp.swift in Sources */,
				3581380C270FE3C300BDF38C /* workoutView.swift in Sources */,
				358CDED9271099FF00B8E4F4 /* SuggestExercises.swift in Sources */,
				35813812270FE42400BDF38C /* progressView.swift in Sources */,
			);
			runOnlyForDeploymentPostprocessing = 0;
		};
/* End PBXSourcesBuildPhase section */

/* Begin XCBuildConfiguration section */
		35813806270FDC7900BDF38C /* Debug */ = {
			isa = XCBuildConfiguration;
			buildSettings = {
				ALWAYS_SEARCH_USER_PATHS = NO;
				CLANG_ANALYZER_NONNULL = YES;
				CLANG_ANALYZER_NUMBER_OBJECT_CONVERSION = YES_AGGRESSIVE;
				CLANG_CXX_LANGUAGE_STANDARD = "gnu++17";
				CLANG_CXX_LIBRARY = "libc++";
				CLANG_ENABLE_MODULES = YES;
				CLANG_ENABLE_OBJC_ARC = YES;
				CLANG_ENABLE_OBJC_WEAK = YES;
				CLANG_WARN_BLOCK_CAPTURE_AUTORELEASING = YES;
				CLANG_WARN_BOOL_CONVERSION = YES;
				CLANG_WARN_COMMA = YES;
				CLANG_WARN_CONSTANT_CONVERSION = YES;
				CLANG_WARN_DEPRECATED_OBJC_IMPLEMENTATIONS = YES;
				CLANG_WARN_DIRECT_OBJC_ISA_USAGE = YES_ERROR;
				CLANG_WARN_DOCUMENTATION_COMMENTS = YES;
				CLANG_WARN_EMPTY_BODY = YES;
				CLANG_WARN_ENUM_CONVERSION = YES;
				CLANG_WARN_INFINITE_RECURSION = YES;
				CLANG_WARN_INT_CONVERSION = YES;
				CLANG_WARN_NON_LITERAL_NULL_CONVERSION = YES;
				CLANG_WARN_OBJC_IMPLICIT_RETAIN_SELF = YES;
				CLANG_WARN_OBJC_LITERAL_CONVERSION = YES;
				CLANG_WARN_OBJC_ROOT_CLASS = YES_ERROR;
				CLANG_WARN_QUOTED_INCLUDE_IN_FRAMEWORK_HEADER = YES;
				CLANG_WARN_RANGE_LOOP_ANALYSIS = YES;
				CLANG_WARN_STRICT_PROTOTYPES = YES;
				CLANG_WARN_SUSPICIOUS_MOVE = YES;
				CLANG_WARN_UNGUARDED_AVAILABILITY = YES_AGGRESSIVE;
				CLANG_WARN_UNREACHABLE_CODE = YES;
				CLANG_WARN__DUPLICATE_METHOD_MATCH = YES;
				COPY_PHASE_STRIP = NO;
				DEBUG_INFORMATION_FORMAT = dwarf;
				ENABLE_STRICT_OBJC_MSGSEND = YES;
				ENABLE_TESTABILITY = YES;
				GCC_C_LANGUAGE_STANDARD = gnu11;
				GCC_DYNAMIC_NO_PIC = NO;
				GCC_NO_COMMON_BLOCKS = YES;
				GCC_OPTIMIZATION_LEVEL = 0;
				GCC_PREPROCESSOR_DEFINITIONS = (
					"DEBUG=1",
					"$(inherited)",
				);
				GCC_WARN_64_TO_32_BIT_CONVERSION = YES;
				GCC_WARN_ABOUT_RETURN_TYPE = YES_ERROR;
				GCC_WARN_UNDECLARED_SELECTOR = YES;
				GCC_WARN_UNINITIALIZED_AUTOS = YES_AGGRESSIVE;
				GCC_WARN_UNUSED_FUNCTION = YES;
				GCC_WARN_UNUSED_VARIABLE = YES;
				IPHONEOS_DEPLOYMENT_TARGET = 15.0;
				MTL_ENABLE_DEBUG_INFO = INCLUDE_SOURCE;
				MTL_FAST_MATH = YES;
				ONLY_ACTIVE_ARCH = YES;
				SDKROOT = iphoneos;
				SWIFT_ACTIVE_COMPILATION_CONDITIONS = DEBUG;
				SWIFT_OPTIMIZATION_LEVEL = "-Onone";
			};
			name = Debug;
		};
		35813807270FDC7900BDF38C /* Release */ = {
			isa = XCBuildConfiguration;
			buildSettings = {
				ALWAYS_SEARCH_USER_PATHS = NO;
				CLANG_ANALYZER_NONNULL = YES;
				CLANG_ANALYZER_NUMBER_OBJECT_CONVERSION = YES_AGGRESSIVE;
				CLANG_CXX_LANGUAGE_STANDARD = "gnu++17";
				CLANG_CXX_LIBRARY = "libc++";
				CLANG_ENABLE_MODULES = YES;
				CLANG_ENABLE_OBJC_ARC = YES;
				CLANG_ENABLE_OBJC_WEAK = YES;
				CLANG_WARN_BLOCK_CAPTURE_AUTORELEASING = YES;
				CLANG_WARN_BOOL_CONVERSION = YES;
				CLANG_WARN_COMMA = YES;
				CLANG_WARN_CONSTANT_CONVERSION = YES;
				CLANG_WARN_DEPRECATED_OBJC_IMPLEMENTATIONS = YES;
				CLANG_WARN_DIRECT_OBJC_ISA_USAGE = YES_ERROR;
				CLANG_WARN_DOCUMENTATION_COMMENTS = YES;
				CLANG_WARN_EMPTY_BODY = YES;
				CLANG_WARN_ENUM_CONVERSION = YES;
				CLANG_WARN_INFINITE_RECURSION = YES;
				CLANG_WARN_INT_CONVERSION = YES;
				CLANG_WARN_NON_LITERAL_NULL_CONVERSION = YES;
				CLANG_WARN_OBJC_IMPLICIT_RETAIN_SELF = YES;
				CLANG_WARN_OBJC_LITERAL_CONVERSION = YES;
				CLANG_WARN_OBJC_ROOT_CLASS = YES_ERROR;
				CLANG_WARN_QUOTED_INCLUDE_IN_FRAMEWORK_HEADER = YES;
				CLANG_WARN_RANGE_LOOP_ANALYSIS = YES;
				CLANG_WARN_STRICT_PROTOTYPES = YES;
				CLANG_WARN_SUSPICIOUS_MOVE = YES;
				CLANG_WARN_UNGUARDED_AVAILABILITY = YES_AGGRESSIVE;
				CLANG_WARN_UNREACHABLE_CODE = YES;
				CLANG_WARN__DUPLICATE_METHOD_MATCH = YES;
				COPY_PHASE_STRIP = NO;
				DEBUG_INFORMATION_FORMAT = "dwarf-with-dsym";
				ENABLE_NS_ASSERTIONS = NO;
				ENABLE_STRICT_OBJC_MSGSEND = YES;
				GCC_C_LANGUAGE_STANDARD = gnu11;
				GCC_NO_COMMON_BLOCKS = YES;
				GCC_WARN_64_TO_32_BIT_CONVERSION = YES;
				GCC_WARN_ABOUT_RETURN_TYPE = YES_ERROR;
				GCC_WARN_UNDECLARED_SELECTOR = YES;
				GCC_WARN_UNINITIALIZED_AUTOS = YES_AGGRESSIVE;
				GCC_WARN_UNUSED_FUNCTION = YES;
				GCC_WARN_UNUSED_VARIABLE = YES;
				IPHONEOS_DEPLOYMENT_TARGET = 15.0;
				MTL_ENABLE_DEBUG_INFO = NO;
				MTL_FAST_MATH = YES;
				SDKROOT = iphoneos;
				SWIFT_COMPILATION_MODE = wholemodule;
				SWIFT_OPTIMIZATION_LEVEL = "-O";
				VALIDATE_PRODUCT = YES;
			};
			name = Release;
		};
		35813809270FDC7900BDF38C /* Debug */ = {
			isa = XCBuildConfiguration;
			buildSettings = {
				ASSETCATALOG_COMPILER_APPICON_NAME = AppIcon;
				ASSETCATALOG_COMPILER_GLOBAL_ACCENT_COLOR_NAME = AccentColor;
				CODE_SIGN_STYLE = Automatic;
				CURRENT_PROJECT_VERSION = 1;
				DEVELOPMENT_ASSET_PATHS = "\"athlog/Preview Content\"";
				DEVELOPMENT_TEAM = H6XR372L39;
				ENABLE_PREVIEWS = YES;
				GENERATE_INFOPLIST_FILE = YES;
				INFOPLIST_KEY_UIApplicationSceneManifest_Generation = YES;
				INFOPLIST_KEY_UIApplicationSupportsIndirectInputEvents = YES;
				INFOPLIST_KEY_UILaunchScreen_Generation = YES;
				INFOPLIST_KEY_UISupportedInterfaceOrientations_iPad = "UIInterfaceOrientationPortrait UIInterfaceOrientationPortraitUpsideDown UIInterfaceOrientationLandscapeLeft UIInterfaceOrientationLandscapeRight";
				INFOPLIST_KEY_UISupportedInterfaceOrientations_iPhone = "UIInterfaceOrientationPortrait UIInterfaceOrientationLandscapeLeft UIInterfaceOrientationLandscapeRight";
				IPHONEOS_DEPLOYMENT_TARGET = 14.0;
				LD_RUNPATH_SEARCH_PATHS = (
					"$(inherited)",
					"@executable_path/Frameworks",
				);
				MARKETING_VERSION = 1.0;
				PRODUCT_BUNDLE_IDENTIFIER = io.numerstack.athlog;
				PRODUCT_NAME = "$(TARGET_NAME)";
				SWIFT_EMIT_LOC_STRINGS = YES;
				SWIFT_VERSION = 5.0;
				TARGETED_DEVICE_FAMILY = "1,2";
			};
			name = Debug;
		};
		3581380A270FDC7900BDF38C /* Release */ = {
			isa = XCBuildConfiguration;
			buildSettings = {
				ASSETCATALOG_COMPILER_APPICON_NAME = AppIcon;
				ASSETCATALOG_COMPILER_GLOBAL_ACCENT_COLOR_NAME = AccentColor;
				CODE_SIGN_STYLE = Automatic;
				CURRENT_PROJECT_VERSION = 1;
				DEVELOPMENT_ASSET_PATHS = "\"athlog/Preview Content\"";
				DEVELOPMENT_TEAM = H6XR372L39;
				ENABLE_PREVIEWS = YES;
				GENERATE_INFOPLIST_FILE = YES;
				INFOPLIST_KEY_UIApplicationSceneManifest_Generation = YES;
				INFOPLIST_KEY_UIApplicationSupportsIndirectInputEvents = YES;
				INFOPLIST_KEY_UILaunchScreen_Generation = YES;
				INFOPLIST_KEY_UISupportedInterfaceOrientations_iPad = "UIInterfaceOrientationPortrait UIInterfaceOrientationPortraitUpsideDown UIInterfaceOrientationLandscapeLeft UIInterfaceOrientationLandscapeRight";
				INFOPLIST_KEY_UISupportedInterfaceOrientations_iPhone = "UIInterfaceOrientationPortrait UIInterfaceOrientationLandscapeLeft UIInterfaceOrientationLandscapeRight";
				IPHONEOS_DEPLOYMENT_TARGET = 14.0;
				LD_RUNPATH_SEARCH_PATHS = (
					"$(inherited)",
					"@executable_path/Frameworks",
				);
				MARKETING_VERSION = 1.0;
				PRODUCT_BUNDLE_IDENTIFIER = io.numerstack.athlog;
				PRODUCT_NAME = "$(TARGET_NAME)";
				SWIFT_EMIT_LOC_STRINGS = YES;
				SWIFT_VERSION = 5.0;
				TARGETED_DEVICE_FAMILY = "1,2";
			};
			name = Release;
		};
/* End XCBuildConfiguration section */

/* Begin XCConfigurationList section */
		358137F5270FDC6900BDF38C /* Build configuration list for PBXProject "athlog" */ = {
			isa = XCConfigurationList;
			buildConfigurations = (
				35813806270FDC7900BDF38C /* Debug */,
				35813807270FDC7900BDF38C /* Release */,
			);
			defaultConfigurationIsVisible = 0;
			defaultConfigurationName = Release;
		};
		35813808270FDC7900BDF38C /* Build configuration list for PBXNativeTarget "athlog" */ = {
			isa = XCConfigurationList;
			buildConfigurations = (
				35813809270FDC7900BDF38C /* Debug */,
				3581380A270FDC7900BDF38C /* Release */,
			);
			defaultConfigurationIsVisible = 0;
			defaultConfigurationName = Release;
		};
/* End XCConfigurationList section */
	};
	rootObject = 358137F2270FDC6900BDF38C /* Project object */;
}
